
Microsoft Visual Studio Solution File, Format Version 12.00
# Visual Studio Version 16
VisualStudioVersion = 16.0.30907.101
MinimumVisualStudioVersion = 10.0.40219.1
Project("{FAE04EC0-301F-11D3-BF4B-00C04F79EFBC}") = "MqModule", "Workqueues\MqModule.csproj", "{8C475BDB-7E4E-41FF-9370-039E24AAE09D}"
EndProject
Project("{FAE04EC0-301F-11D3-BF4B-00C04F79EFBC}") = "MqConnection", "MqConnection\MqConnection.csproj", "{358930FF-A56D-4E2B-A1C2-E5886FB0CC0D}"
EndProject
Project("{FAE04EC0-301F-11D3-BF4B-00C04F79EFBC}") = "Send", "Send\Send.csproj", "{D616C094-BED7-4772-AEAB-16465F7B15F4}"
EndProject
Project("{FAE04EC0-301F-11D3-BF4B-00C04F79EFBC}") = "Receive", "Receive\Receive.csproj", "{04ECB5CB-54FA-4E2D-8436-932E2CA3BCAC}"
EndProject
Global
	GlobalSection(SolutionConfigurationPlatforms) = preSolution
		Debug|Any CPU = Debug|Any CPU
		Release|Any CPU = Release|Any CPU
	EndGlobalSection
	GlobalSection(ProjectConfigurationPlatforms) = postSolution
		{8C475BDB-7E4E-41FF-9370-039E24AAE09D}.Debug|Any CPU.ActiveCfg = Debug|Any CPU
		{8C475BDB-7E4E-41FF-9370-039E24AAE09D}.Debug|Any CPU.Build.0 = Debug|Any CPU
		{8C475BDB-7E4E-41FF-9370-039E24AAE09D}.Release|Any CPU.ActiveCfg = Release|Any CPU
		{8C475BDB-7E4E-41FF-9370-039E24AAE09D}.Release|Any CPU.Build.0 = Release|Any CPU
		{358930FF-A56D-4E2B-A1C2-E5886FB0CC0D}.Debug|Any CPU.ActiveCfg = Debug|Any CPU
		{358930FF-A56D-4E2B-A1C2-E5886FB0CC0D}.Debug|Any CPU.Build.0 = Debug|Any CPU
		{358930FF-A56D-4E2B-A1C2-E5886FB0CC0D}.Release|Any CPU.ActiveCfg = Release|Any CPU
		{358930FF-A56D-4E2B-A1C2-E5886FB0CC0D}.Release|Any CPU.Build.0 = Release|Any CPU
		{D616C094-BED7-4772-AEAB-16465F7B15F4}.Debug|Any CPU.ActiveCfg = Debug|Any CPU
		{D616C094-BED7-4772-AEAB-16465F7B15F4}.Debug|Any CPU.Build.0 = Debug|Any CPU
		{D616C094-BED7-4772-AEAB-16465F7B15F4}.Release|Any CPU.ActiveCfg = Release|Any CPU
		{D616C094-BED7-4772-AEAB-16465F7B15F4}.Release|Any CPU.Build.0 = Release|Any CPU
		{04ECB5CB-54FA-4E2D-8436-932E2CA3BCAC}.Debug|Any CPU.ActiveCfg = Debug|Any CPU
		{04ECB5CB-54FA-4E2D-8436-932E2CA3BCAC}.Debug|Any CPU.Build.0 = Debug|Any CPU
		{04ECB5CB-54FA-4E2D-8436-932E2CA3BCAC}.Release|Any CPU.ActiveCfg = Release|Any CPU
		{04ECB5CB-54FA-4E2D-8436-932E2CA3BCAC}.Release|Any CPU.Build.0 = Release|Any CPU
	EndGlobalSection
	GlobalSection(SolutionProperties) = preSolution
		HideSolutionNode = FALSE
	EndGlobalSection
	GlobalSection(ExtensibilityGlobals) = postSolution
		SolutionGuid = {025CEC65-AF59-410F-894D-DF4329BCD61C}
	EndGlobalSection
EndGlobal
